{
  "version": 4,
  "terraform_version": "1.8.1",
  "serial": 14,
  "lineage": "1eb24c59-d507-ea8f-4c8c-2d954be2dd5f",
  "outputs": {
    "registry_hostname": {
      "value": "practicum16kv.azurecr.io",
      "type": "string"
    },
    "registry_pw": {
      "value": "O638zKU0Lkq4xtCcyIzCUnXjL9Q26CEFJqYuS3fWIu+ACRCsjD3t",
      "type": "string",
      "sensitive": true
    },
    "registry_un": {
      "value": "practicum16kv",
      "type": "string"
    }
  },
  "resources": [
    {
      "mode": "managed",
      "type": "azurerm_container_registry",
      "name": "container_registry",
      "provider": "provider[\"registry.terraform.io/hashicorp/azurerm\"]",
      "instances": [
        {
          "schema_version": 2,
          "attributes": {
            "admin_enabled": true,
            "admin_password": "O638zKU0Lkq4xtCcyIzCUnXjL9Q26CEFJqYuS3fWIu+ACRCsjD3t",
            "admin_username": "practicum16kv",
            "anonymous_pull_enabled": false,
            "data_endpoint_enabled": false,
            "encryption": [
              {
                "enabled": false,
                "identity_client_id": "",
                "key_vault_key_id": ""
              }
            ],
            "export_policy_enabled": true,
            "georeplications": [],
            "id": "/subscriptions/e54b9022-11d2-487d-b262-f2bd45f31829/resourceGroups/practicum16/providers/Microsoft.ContainerRegistry/registries/practicum16kv",
            "identity": [],
            "location": "eastus",
            "login_server": "practicum16kv.azurecr.io",
            "name": "practicum16kv",
            "network_rule_bypass_option": "AzureServices",
            "network_rule_set": [],
            "public_network_access_enabled": true,
            "quarantine_policy_enabled": false,
            "resource_group_name": "practicum16",
            "retention_policy": [
              {
                "days": 7,
                "enabled": false
              }
            ],
            "sku": "Basic",
            "tags": {},
            "timeouts": null,
            "trust_policy": [
              {
                "enabled": false
              }
            ],
            "zone_redundancy_enabled": false
          },
          "sensitive_attributes": [
            [
              {
                "type": "get_attr",
                "value": "admin_password"
              }
            ]
          ],
          "private": "eyJlMmJmYjczMC1lY2FhLTExZTYtOGY4OC0zNDM2M2JjN2M0YzAiOnsiY3JlYXRlIjoxODAwMDAwMDAwMDAwLCJkZWxldGUiOjE4MDAwMDAwMDAwMDAsInJlYWQiOjMwMDAwMDAwMDAwMCwidXBkYXRlIjoxODAwMDAwMDAwMDAwfSwic2NoZW1hX3ZlcnNpb24iOiIyIn0=",
          "dependencies": [
            "azurerm_resource_group.practicum16"
          ]
        }
      ]
    },
    {
      "mode": "managed",
      "type": "azurerm_resource_group",
      "name": "practicum16",
      "provider": "provider[\"registry.terraform.io/hashicorp/azurerm\"]",
      "instances": [
        {
          "schema_version": 0,
          "attributes": {
            "id": "/subscriptions/e54b9022-11d2-487d-b262-f2bd45f31829/resourceGroups/practicum16",
            "location": "eastus",
            "managed_by": "",
            "name": "practicum16",
            "tags": {},
            "timeouts": null
          },
          "sensitive_attributes": [],
          "private": "eyJlMmJmYjczMC1lY2FhLTExZTYtOGY4OC0zNDM2M2JjN2M0YzAiOnsiY3JlYXRlIjo1NDAwMDAwMDAwMDAwLCJkZWxldGUiOjU0MDAwMDAwMDAwMDAsInJlYWQiOjMwMDAwMDAwMDAwMCwidXBkYXRlIjo1NDAwMDAwMDAwMDAwfX0="
        }
      ]
    }
  ],
  "check_results": null
}
